
Microsoft Visual Studio Solution File, Format Version 12.00
# Visual Studio 2013
VisualStudioVersion = 12.0.31101.0
MinimumVisualStudioVersion = 10.0.40219.1
Project("{FAE04EC0-301F-11D3-BF4B-00C04F79EFBC}") = "SrpOcp", "SrpOcpValid\SrpOcp.csproj", "{C2191F0D-EAC2-4EDA-A04A-EBD929039B4B}"
EndProject
Project("{FAE04EC0-301F-11D3-BF4B-00C04F79EFBC}") = "SrpOcpViolation", "SrpOcpViolation\SrpOcpViolation.csproj", "{9D2B1E71-735B-4927-BBD0-E43A4A3EEA8C}"
EndProject
Global
	GlobalSection(SolutionConfigurationPlatforms) = preSolution
		Debug|Any CPU = Debug|Any CPU
		Release|Any CPU = Release|Any CPU
	EndGlobalSection
	GlobalSection(ProjectConfigurationPlatforms) = postSolution
		{C2191F0D-EAC2-4EDA-A04A-EBD929039B4B}.Debug|Any CPU.ActiveCfg = Debug|Any CPU
		{C2191F0D-EAC2-4EDA-A04A-EBD929039B4B}.Debug|Any CPU.Build.0 = Debug|Any CPU
		{C2191F0D-EAC2-4EDA-A04A-EBD929039B4B}.Release|Any CPU.ActiveCfg = Release|Any CPU
		{C2191F0D-EAC2-4EDA-A04A-EBD929039B4B}.Release|Any CPU.Build.0 = Release|Any CPU
		{9D2B1E71-735B-4927-BBD0-E43A4A3EEA8C}.Debug|Any CPU.ActiveCfg = Debug|Any CPU
		{9D2B1E71-735B-4927-BBD0-E43A4A3EEA8C}.Debug|Any CPU.Build.0 = Debug|Any CPU
		{9D2B1E71-735B-4927-BBD0-E43A4A3EEA8C}.Release|Any CPU.ActiveCfg = Release|Any CPU
		{9D2B1E71-735B-4927-BBD0-E43A4A3EEA8C}.Release|Any CPU.Build.0 = Release|Any CPU
	EndGlobalSection
	GlobalSection(SolutionProperties) = preSolution
		HideSolutionNode = FALSE
	EndGlobalSection
EndGlobal
